// !$*UTF8*$!
{
	archiveVersion = 1;
	classes = {
	};
	objectVersion = 46;
	objects = {

/* Begin PBXBuildFile section */
		4BB88D2F1F33B9EB00F8BB9B /* AppDelegate.swift in Sources */ = {isa = PBXBuildFile; fileRef = 4BB88D2E1F33B9EB00F8BB9B /* AppDelegate.swift */; };
		4BB88D311F33B9EB00F8BB9B /* ViewController.swift in Sources */ = {isa = PBXBuildFile; fileRef = 4BB88D301F33B9EB00F8BB9B /* ViewController.swift */; };
		4BB88D341F33B9EB00F8BB9B /* Main.storyboard in Resources */ = {isa = PBXBuildFile; fileRef = 4BB88D321F33B9EB00F8BB9B /* Main.storyboard */; };
		4BB88D361F33B9EB00F8BB9B /* Assets.xcassets in Resources */ = {isa = PBXBuildFile; fileRef = 4BB88D351F33B9EB00F8BB9B /* Assets.xcassets */; };
		4BB88D391F33B9EB00F8BB9B /* LaunchScreen.storyboard in Resources */ = {isa = PBXBuildFile; fileRef = 4BB88D371F33B9EB00F8BB9B /* LaunchScreen.storyboard */; };
		4BB88D421F33BA8200F8BB9B /* Realm.framework in Frameworks */ = {isa = PBXBuildFile; fileRef = 4BB88D401F33BA8200F8BB9B /* Realm.framework */; };
		4BB88D431F33BA8200F8BB9B /* Realm.framework in Embed Frameworks */ = {isa = PBXBuildFile; fileRef = 4BB88D401F33BA8200F8BB9B /* Realm.framework */; settings = {ATTRIBUTES = (CodeSignOnCopy, RemoveHeadersOnCopy, ); }; };
		4BB88D441F33BA8200F8BB9B /* RealmSwift.framework in Frameworks */ = {isa = PBXBuildFile; fileRef = 4BB88D411F33BA8200F8BB9B /* RealmSwift.framework */; };
		4BB88D451F33BA8200F8BB9B /* RealmSwift.framework in Embed Frameworks */ = {isa = PBXBuildFile; fileRef = 4BB88D411F33BA8200F8BB9B /* RealmSwift.framework */; settings = {ATTRIBUTES = (CodeSignOnCopy, RemoveHeadersOnCopy, ); }; };
		4BB88D491F33BAB800F8BB9B /* Pessoa.swift in Sources */ = {isa = PBXBuildFile; fileRef = 4BB88D481F33BAB800F8BB9B /* Pessoa.swift */; };
/* End PBXBuildFile section */

/* Begin PBXCopyFilesBuildPhase section */
		4BB88D461F33BA8200F8BB9B /* Embed Frameworks */ = {
			isa = PBXCopyFilesBuildPhase;
			buildActionMask = 2147483647;
			dstPath = "";
			dstSubfolderSpec = 10;
			files = (
				4BB88D451F33BA8200F8BB9B /* RealmSwift.framework in Embed Frameworks */,
				4BB88D431F33BA8200F8BB9B /* Realm.framework in Embed Frameworks */,
			);
			name = "Embed Frameworks";
			runOnlyForDeploymentPostprocessing = 0;
		};
/* End PBXCopyFilesBuildPhase section */

/* Begin PBXFileReference section */
		4BB88D2B1F33B9EB00F8BB9B /* RealmNotification.app */ = {isa = PBXFileReference; explicitFileType = wrapper.application; includeInIndex = 0; path = RealmNotification.app; sourceTree = BUILT_PRODUCTS_DIR; };
		4BB88D2E1F33B9EB00F8BB9B /* AppDelegate.swift */ = {isa = PBXFileReference; lastKnownFileType = sourcecode.swift; path = AppDelegate.swift; sourceTree = "<group>"; };
		4BB88D301F33B9EB00F8BB9B /* ViewController.swift */ = {isa = PBXFileReference; lastKnownFileType = sourcecode.swift; path = ViewController.swift; sourceTree = "<group>"; };
		4BB88D331F33B9EB00F8BB9B /* Base */ = {isa = PBXFileReference; lastKnownFileType = file.storyboard; name = Base; path = Base.lproj/Main.storyboard; sourceTree = "<group>"; };
		4BB88D351F33B9EB00F8BB9B /* Assets.xcassets */ = {isa = PBXFileReference; lastKnownFileType = folder.assetcatalog; path = Assets.xcassets; sourceTree = "<group>"; };
		4BB88D381F33B9EB00F8BB9B /* Base */ = {isa = PBXFileReference; lastKnownFileType = file.storyboard; name = Base; path = Base.lproj/LaunchScreen.storyboard; sourceTree = "<group>"; };
		4BB88D3A1F33B9EB00F8BB9B /* Info.plist */ = {isa = PBXFileReference; lastKnownFileType = text.plist.xml; path = Info.plist; sourceTree = "<group>"; };
		4BB88D401F33BA8200F8BB9B /* Realm.framework */ = {isa = PBXFileReference; lastKnownFileType = wrapper.framework; path = Realm.framework; sourceTree = "<group>"; };
		4BB88D411F33BA8200F8BB9B /* RealmSwift.framework */ = {isa = PBXFileReference; lastKnownFileType = wrapper.framework; path = RealmSwift.framework; sourceTree = "<group>"; };
		4BB88D481F33BAB800F8BB9B /* Pessoa.swift */ = {isa = PBXFileReference; fileEncoding = 4; lastKnownFileType = sourcecode.swift; path = Pessoa.swift; sourceTree = "<group>"; };
/* End PBXFileReference section */

/* Begin PBXFrameworksBuildPhase section */
		4BB88D281F33B9EB00F8BB9B /* Frameworks */ = {
			isa = PBXFrameworksBuildPhase;
			buildActionMask = 2147483647;
			files = (
				4BB88D441F33BA8200F8BB9B /* RealmSwift.framework in Frameworks */,
				4BB88D421F33BA8200F8BB9B /* Realm.framework in Frameworks */,
			);
			runOnlyForDeploymentPostprocessing = 0;
		};
/* End PBXFrameworksBuildPhase section */

/* Begin PBXGroup section */
		4BB88D221F33B9EB00F8BB9B = {
			isa = PBXGroup;
			children = (
				4BB88D401F33BA8200F8BB9B /* Realm.framework */,
				4BB88D411F33BA8200F8BB9B /* RealmSwift.framework */,
				4BB88D2D1F33B9EB00F8BB9B /* RealmNotification */,
				4BB88D2C1F33B9EB00F8BB9B /* Products */,
			);
			sourceTree = "<group>";
		};
		4BB88D2C1F33B9EB00F8BB9B /* Products */ = {
			isa = PBXGroup;
			children = (
				4BB88D2B1F33B9EB00F8BB9B /* RealmNotification.app */,
			);
			name = Products;
			sourceTree = "<group>";
		};
		4BB88D2D1F33B9EB00F8BB9B /* RealmNotification */ = {
			isa = PBXGroup;
			children = (
				4BB88D2E1F33B9EB00F8BB9B /* AppDelegate.swift */,
				4BB88D301F33B9EB00F8BB9B /* ViewController.swift */,
				4BB88D321F33B9EB00F8BB9B /* Main.storyboard */,
				4BB88D351F33B9EB00F8BB9B /* Assets.xcassets */,
				4BB88D371F33B9EB00F8BB9B /* LaunchScreen.storyboard */,
				4BB88D3A1F33B9EB00F8BB9B /* Info.plist */,
				4BB88D481F33BAB800F8BB9B /* Pessoa.swift */,
			);
			name = RealmNotification;
			path = RalmNotification;
			sourceTree = "<group>";
		};
/* End PBXGroup section */

/* Begin PBXNativeTarget section */
		4BB88D2A1F33B9EB00F8BB9B /* RealmNotification */ = {
			isa = PBXNativeTarget;
			buildConfigurationList = 4BB88D3D1F33B9EB00F8BB9B /* Build configuration list for PBXNativeTarget "RealmNotification" */;
			buildPhases = (
				4BB88D271F33B9EB00F8BB9B /* Sources */,
				4BB88D281F33B9EB00F8BB9B /* Frameworks */,
				4BB88D291F33B9EB00F8BB9B /* Resources */,
				4BB88D461F33BA8200F8BB9B /* Embed Frameworks */,
				4BB88D471F33BA9C00F8BB9B /* ShellScript */,
			);
			buildRules = (
			);
			dependencies = (
			);
			name = RealmNotification;
			productName = RalmNotification;
			productReference = 4BB88D2B1F33B9EB00F8BB9B /* RealmNotification.app */;
			productType = "com.apple.product-type.application";
		};
/* End PBXNativeTarget section */

/* Begin PBXProject section */
		4BB88D231F33B9EB00F8BB9B /* Project object */ = {
			isa = PBXProject;
			attributes = {
				LastSwiftUpdateCheck = 0830;
				LastUpgradeCheck = 0830;
				ORGANIZATIONNAME = pabloruan;
				TargetAttributes = {
					4BB88D2A1F33B9EB00F8BB9B = {
						CreatedOnToolsVersion = 8.3.3;
						DevelopmentTeam = 3HQEA3N4BF;
						ProvisioningStyle = Automatic;
					};
				};
			};
			buildConfigurationList = 4BB88D261F33B9EB00F8BB9B /* Build configuration list for PBXProject "RealmNotification" */;
			compatibilityVersion = "Xcode 3.2";
			developmentRegion = English;
			hasScannedForEncodings = 0;
			knownRegions = (
				en,
				Base,
			);
			mainGroup = 4BB88D221F33B9EB00F8BB9B;
			productRefGroup = 4BB88D2C1F33B9EB00F8BB9B /* Products */;
			projectDirPath = "";
			projectRoot = "";
			targets = (
				4BB88D2A1F33B9EB00F8BB9B /* RealmNotification */,
			);
		};
/* End PBXProject section */

/* Begin PBXResourcesBuildPhase section */
		4BB88D291F33B9EB00F8BB9B /* Resources */ = {
			isa = PBXResourcesBuildPhase;
			buildActionMask = 2147483647;
			files = (
				4BB88D391F33B9EB00F8BB9B /* LaunchScreen.storyboard in Resources */,
				4BB88D361F33B9EB00F8BB9B /* Assets.xcassets in Resources */,
				4BB88D341F33B9EB00F8BB9B /* Main.storyboard in Resources */,
			);
			runOnlyForDeploymentPostprocessing = 0;
		};
/* End PBXResourcesBuildPhase section */

/* Begin PBXShellScriptBuildPhase section */
		4BB88D471F33BA9C00F8BB9B /* ShellScript */ = {
			isa = PBXShellScriptBuildPhase;
			buildActionMask = 2147483647;
			files = (
			);
			inputPaths = (
			);
			outputPaths = (
			);
			runOnlyForDeploymentPostprocessing = 0;
			shellPath = /bin/sh;
			shellScript = "bash \"${BUILT_PRODUCTS_DIR}/${FRAMEWORKS_FOLDER_PATH}/Realm.framework/strip-frameworks.sh\"";
		};
/* End PBXShellScriptBuildPhase section */

/* Begin PBXSourcesBuildPhase section */
		4BB88D271F33B9EB00F8BB9B /* Sources */ = {
			isa = PBXSourcesBuildPhase;
			buildActionMask = 2147483647;
			files = (
				4BB88D311F33B9EB00F8BB9B /* ViewController.swift in Sources */,
				4BB88D491F33BAB800F8BB9B /* Pessoa.swift in Sources */,
				4BB88D2F1F33B9EB00F8BB9B /* AppDelegate.swift in Sources */,
			);
			runOnlyForDeploymentPostprocessing = 0;
		};
/* End PBXSourcesBuildPhase section */

/* Begin PBXVariantGroup section */
		4BB88D321F33B9EB00F8BB9B /* Main.storyboard */ = {
			isa = PBXVariantGroup;
			children = (
				4BB88D331F33B9EB00F8BB9B /* Base */,
			);
			name = Main.storyboard;
			sourceTree = "<group>";
		};
		4BB88D371F33B9EB00F8BB9B /* LaunchScreen.storyboard */ = {
			isa = PBXVariantGroup;
			children = (
				4BB88D381F33B9EB00F8BB9B /* Base */,
			);
			name = LaunchScreen.storyboard;
			sourceTree = "<group>";
		};
/* End PBXVariantGroup section */

/* Begin XCBuildConfiguration section */
		4BB88D3B1F33B9EB00F8BB9B /* Debug */ = {
			isa = XCBuildConfiguration;
			buildSettings = {
				ALWAYS_SEARCH_USER_PATHS = NO;
				CLANG_ANALYZER_NONNULL = YES;
				CLANG_ANALYZER_NUMBER_OBJECT_CONVERSION = YES_AGGRESSIVE;
				CLANG_CXX_LANGUAGE_STANDARD = "gnu++0x";
				CLANG_CXX_LIBRARY = "libc++";
				CLANG_ENABLE_MODULES = YES;
				CLANG_ENABLE_OBJC_ARC = YES;
				CLANG_WARN_BOOL_CONVERSION = YES;
				CLANG_WARN_CONSTANT_CONVERSION = YES;
				CLANG_WARN_DIRECT_OBJC_ISA_USAGE = YES_ERROR;
				CLANG_WARN_DOCUMENTATION_COMMENTS = YES;
				CLANG_WARN_EMPTY_BODY = YES;
				CLANG_WARN_ENUM_CONVERSION = YES;
				CLANG_WARN_INFINITE_RECURSION = YES;
				CLANG_WARN_INT_CONVERSION = YES;
				CLANG_WARN_OBJC_ROOT_CLASS = YES_ERROR;
				CLANG_WARN_SUSPICIOUS_MOVE = YES;
				CLANG_WARN_UNREACHABLE_CODE = YES;
				CLANG_WARN__DUPLICATE_METHOD_MATCH = YES;
				"CODE_SIGN_IDENTITY[sdk=iphoneos*]" = "iPhone Developer";
				COPY_PHASE_STRIP = NO;
				DEBUG_INFORMATION_FORMAT = dwarf;
				ENABLE_STRICT_OBJC_MSGSEND = YES;
				ENABLE_TESTABILITY = YES;
				GCC_C_LANGUAGE_STANDARD = gnu99;
				GCC_DYNAMIC_NO_PIC = NO;
				GCC_NO_COMMON_BLOCKS = YES;
				GCC_OPTIMIZATION_LEVEL = 0;
				GCC_PREPROCESSOR_DEFINITIONS = (
					"DEBUG=1",
					"$(inherited)",
				);
				GCC_WARN_64_TO_32_BIT_CONVERSION = YES;
				GCC_WARN_ABOUT_RETURN_TYPE = YES_ERROR;
				GCC_WARN_UNDECLARED_SELECTOR = YES;
				GCC_WARN_UNINITIALIZED_AUTOS = YES_AGGRESSIVE;
				GCC_WARN_UNUSED_FUNCTION = YES;
				GCC_WARN_UNUSED_VARIABLE = YES;
				IPHONEOS_DEPLOYMENT_TARGET = 10.3;
				MTL_ENABLE_DEBUG_INFO = YES;
				ONLY_ACTIVE_ARCH = YES;
				SDKROOT = iphoneos;
				SWIFT_ACTIVE_COMPILATION_CONDITIONS = DEBUG;
				SWIFT_OPTIMIZATION_LEVEL = "-Onone";
				TARGETED_DEVICE_FAMILY = "1,2";
			};
			name = Debug;
		};
		4BB88D3C1F33B9EB00F8BB9B /* Release */ = {
			isa = XCBuildConfiguration;
			buildSettings = {
				ALWAYS_SEARCH_USER_PATHS = NO;
				CLANG_ANALYZER_NONNULL = YES;
				CLANG_ANALYZER_NUMBER_OBJECT_CONVERSION = YES_AGGRESSIVE;
				CLANG_CXX_LANGUAGE_STANDARD = "gnu++0x";
				CLANG_CXX_LIBRARY = "libc++";
				CLANG_ENABLE_MODULES = YES;
				CLANG_ENABLE_OBJC_ARC = YES;
				CLANG_WARN_BOOL_CONVERSION = YES;
				CLANG_WARN_CONSTANT_CONVERSION = YES;
				CLANG_WARN_DIRECT_OBJC_ISA_USAGE = YES_ERROR;
				CLANG_WARN_DOCUMENTATION_COMMENTS = YES;
				CLANG_WARN_EMPTY_BODY = YES;
				CLANG_WARN_ENUM_CONVERSION = YES;
				CLANG_WARN_INFINITE_RECURSION = YES;
				CLANG_WARN_INT_CONVERSION = YES;
				CLANG_WARN_OBJC_ROOT_CLASS = YES_ERROR;
				CLANG_WARN_SUSPICIOUS_MOVE = YES;
				CLANG_WARN_UNREACHABLE_CODE = YES;
				CLANG_WARN__DUPLICATE_METHOD_MATCH = YES;
				"CODE_SIGN_IDENTITY[sdk=iphoneos*]" = "iPhone Developer";
				COPY_PHASE_STRIP = NO;
				DEBUG_INFORMATION_FORMAT = "dwarf-with-dsym";
				ENABLE_NS_ASSERTIONS = NO;
				ENABLE_STRICT_OBJC_MSGSEND = YES;
				GCC_C_LANGUAGE_STANDARD = gnu99;
				GCC_NO_COMMON_BLOCKS = YES;
				GCC_WARN_64_TO_32_BIT_CONVERSION = YES;
				GCC_WARN_ABOUT_RETURN_TYPE = YES_ERROR;
				GCC_WARN_UNDECLARED_SELECTOR = YES;
				GCC_WARN_UNINITIALIZED_AUTOS = YES_AGGRESSIVE;
				GCC_WARN_UNUSED_FUNCTION = YES;
				GCC_WARN_UNUSED_VARIABLE = YES;
				IPHONEOS_DEPLOYMENT_TARGET = 10.3;
				MTL_ENABLE_DEBUG_INFO = NO;
				SDKROOT = iphoneos;
				SWIFT_OPTIMIZATION_LEVEL = "-Owholemodule";
				TARGETED_DEVICE_FAMILY = "1,2";
				VALIDATE_PRODUCT = YES;
			};
			name = Release;
		};
		4BB88D3E1F33B9EB00F8BB9B /* Debug */ = {
			isa = XCBuildConfiguration;
			buildSettings = {
				ASSETCATALOG_COMPILER_APPICON_NAME = AppIcon;
				DEVELOPMENT_TEAM = 3HQEA3N4BF;
				FRAMEWORK_SEARCH_PATHS = (
					"$(inherited)",
					"$(PROJECT_DIR)",
				);
				INFOPLIST_FILE = RalmNotification/Info.plist;
				LD_RUNPATH_SEARCH_PATHS = "$(inherited) @executable_path/Frameworks";
				PRODUCT_BUNDLE_IDENTIFIER = doups.pabloruan.RalmNotification;
				PRODUCT_NAME = "$(TARGET_NAME)";
				SWIFT_VERSION = 3.0;
			};
			name = Debug;
		};
		4BB88D3F1F33B9EB00F8BB9B /* Release */ = {
			isa = XCBuildConfiguration;
			buildSettings = {
				ASSETCATALOG_COMPILER_APPICON_NAME = AppIcon;
				DEVELOPMENT_TEAM = 3HQEA3N4BF;
				FRAMEWORK_SEARCH_PATHS = (
					"$(inherited)",
					"$(PROJECT_DIR)",
				);
				INFOPLIST_FILE = RalmNotification/Info.plist;
				LD_RUNPATH_SEARCH_PATHS = "$(inherited) @executable_path/Frameworks";
				PRODUCT_BUNDLE_IDENTIFIER = doups.pabloruan.RalmNotification;
				PRODUCT_NAME = "$(TARGET_NAME)";
				SWIFT_VERSION = 3.0;
			};
			name = Release;
		};
/* End XCBuildConfiguration section */

/* Begin XCConfigurationList section */
		4BB88D261F33B9EB00F8BB9B /* Build configuration list for PBXProject "RealmNotification" */ = {
			isa = XCConfigurationList;
			buildConfigurations = (
				4BB88D3B1F33B9EB00F8BB9B /* Debug */,
				4BB88D3C1F33B9EB00F8BB9B /* Release */,
			);
			defaultConfigurationIsVisible = 0;
			defaultConfigurationName = Release;
		};
		4BB88D3D1F33B9EB00F8BB9B /* Build configuration list for PBXNativeTarget "RealmNotification" */ = {
			isa = XCConfigurationList;
			buildConfigurations = (
				4BB88D3E1F33B9EB00F8BB9B /* Debug */,
				4BB88D3F1F33B9EB00F8BB9B /* Release */,
			);
			defaultConfigurationIsVisible = 0;
		};
/* End XCConfigurationList section */
	};
	rootObject = 4BB88D231F33B9EB00F8BB9B /* Project object */;
}
